
Microsoft Visual Studio Solution File, Format Version 12.00
# Visual Studio Version 17
VisualStudioVersion = 17.4.33213.308
MinimumVisualStudioVersion = 10.0.40219.1
Project("{FAE04EC0-301F-11D3-BF4B-00C04F79EFBC}") = "ConsoleMonGame", "ConsoleMonGame\ConsoleMonGame.csproj", "{78C677FC-B7BA-442E-BE66-E087FE91F0BA}"
EndProject
Global
	GlobalSection(SolutionConfigurationPlatforms) = preSolution
		Debug|Any CPU = Debug|Any CPU
		Release|Any CPU = Release|Any CPU
	EndGlobalSection
	GlobalSection(ProjectConfigurationPlatforms) = postSolution
		{78C677FC-B7BA-442E-BE66-E087FE91F0BA}.Debug|Any CPU.ActiveCfg = Debug|Any CPU
		{78C677FC-B7BA-442E-BE66-E087FE91F0BA}.Debug|Any CPU.Build.0 = Debug|Any CPU
		{78C677FC-B7BA-442E-BE66-E087FE91F0BA}.Release|Any CPU.ActiveCfg = Release|Any CPU
		{78C677FC-B7BA-442E-BE66-E087FE91F0BA}.Release|Any CPU.Build.0 = Release|Any CPU
	EndGlobalSection
	GlobalSection(SolutionProperties) = preSolution
		HideSolutionNode = FALSE
	EndGlobalSection
	GlobalSection(ExtensibilityGlobals) = postSolution
		SolutionGuid = {112CEC0D-231E-4290-879B-094133572914}
	EndGlobalSection
EndGlobal
